
Microsoft Visual Studio Solution File, Format Version 12.00
# Visual Studio Version 17
VisualStudioVersion = 17.2.32630.192
MinimumVisualStudioVersion = 10.0.40219.1
Project("{FAE04EC0-301F-11D3-BF4B-00C04F79EFBC}") = "WpfApp_XML", "WpfApp_XML.csproj", "{A43726F0-BC00-40F5-99BA-86A39DDBB974}"
EndProject
Global
	GlobalSection(SolutionConfigurationPlatforms) = preSolution
		Debug|Any CPU = Debug|Any CPU
		Release|Any CPU = Release|Any CPU
	EndGlobalSection
	GlobalSection(ProjectConfigurationPlatforms) = postSolution
		{A43726F0-BC00-40F5-99BA-86A39DDBB974}.Debug|Any CPU.ActiveCfg = Debug|Any CPU
		{A43726F0-BC00-40F5-99BA-86A39DDBB974}.Debug|Any CPU.Build.0 = Debug|Any CPU
		{A43726F0-BC00-40F5-99BA-86A39DDBB974}.Release|Any CPU.ActiveCfg = Release|Any CPU
		{A43726F0-BC00-40F5-99BA-86A39DDBB974}.Release|Any CPU.Build.0 = Release|Any CPU
	EndGlobalSection
	GlobalSection(SolutionProperties) = preSolution
		HideSolutionNode = FALSE
	EndGlobalSection
	GlobalSection(ExtensibilityGlobals) = postSolution
		SolutionGuid = {E8EAB116-044F-49B6-AB10-3D6CFF3D9DE4}
	EndGlobalSection
EndGlobal
